
Microsoft Visual Studio Solution File, Format Version 12.00
# Visual Studio 15
VisualStudioVersion = 15.0.27703.2035
MinimumVisualStudioVersion = 10.0.40219.1
Project("{FAE04EC0-301F-11D3-BF4B-00C04F79EFBC}") = "MyFirstAngularApp", "MyFirstAngularApp\MyFirstAngularApp.csproj", "{6955C9EE-40F3-4BC1-A2EA-15611C1A88EE}"
EndProject
Global
	GlobalSection(SolutionConfigurationPlatforms) = preSolution
		Debug|Any CPU = Debug|Any CPU
		Release|Any CPU = Release|Any CPU
	EndGlobalSection
	GlobalSection(ProjectConfigurationPlatforms) = postSolution
		{6955C9EE-40F3-4BC1-A2EA-15611C1A88EE}.Debug|Any CPU.ActiveCfg = Debug|Any CPU
		{6955C9EE-40F3-4BC1-A2EA-15611C1A88EE}.Debug|Any CPU.Build.0 = Debug|Any CPU
		{6955C9EE-40F3-4BC1-A2EA-15611C1A88EE}.Release|Any CPU.ActiveCfg = Release|Any CPU
		{6955C9EE-40F3-4BC1-A2EA-15611C1A88EE}.Release|Any CPU.Build.0 = Release|Any CPU
	EndGlobalSection
	GlobalSection(SolutionProperties) = preSolution
		HideSolutionNode = FALSE
	EndGlobalSection
	GlobalSection(ExtensibilityGlobals) = postSolution
		SolutionGuid = {509DFD18-CD69-4100-883A-D2C5E79F10D9}
	EndGlobalSection
EndGlobal
