
Microsoft Visual Studio Solution File, Format Version 12.00
# Visual Studio 15
VisualStudioVersion = 15.0.27703.2035
MinimumVisualStudioVersion = 10.0.40219.1
Project("{FAE04EC0-301F-11D3-BF4B-00C04F79EFBC}") = "BlazorWithAPI.Server", "BlazorWithAPI.Server\BlazorWithAPI.Server.csproj", "{FC36D029-AEDD-4ED6-8FE3-2E62ECFF795F}"
EndProject
Project("{FAE04EC0-301F-11D3-BF4B-00C04F79EFBC}") = "BlazorWithAPI.Client", "BlazorWithAPI.Client\BlazorWithAPI.Client.csproj", "{B439197D-D8DF-4DA9-8A60-2714998C9BD7}"
EndProject
Project("{FAE04EC0-301F-11D3-BF4B-00C04F79EFBC}") = "BlazorWithAPI.Shared", "BlazorWithAPI.Shared\BlazorWithAPI.Shared.csproj", "{F3C98ABE-67EE-4052-AA51-AFAA263E8CED}"
EndProject
Global
	GlobalSection(SolutionConfigurationPlatforms) = preSolution
		Debug|Any CPU = Debug|Any CPU
		Release|Any CPU = Release|Any CPU
	EndGlobalSection
	GlobalSection(ProjectConfigurationPlatforms) = postSolution
		{FC36D029-AEDD-4ED6-8FE3-2E62ECFF795F}.Debug|Any CPU.ActiveCfg = Debug|Any CPU
		{FC36D029-AEDD-4ED6-8FE3-2E62ECFF795F}.Debug|Any CPU.Build.0 = Debug|Any CPU
		{FC36D029-AEDD-4ED6-8FE3-2E62ECFF795F}.Release|Any CPU.ActiveCfg = Release|Any CPU
		{FC36D029-AEDD-4ED6-8FE3-2E62ECFF795F}.Release|Any CPU.Build.0 = Release|Any CPU
		{B439197D-D8DF-4DA9-8A60-2714998C9BD7}.Debug|Any CPU.ActiveCfg = Debug|Any CPU
		{B439197D-D8DF-4DA9-8A60-2714998C9BD7}.Debug|Any CPU.Build.0 = Debug|Any CPU
		{B439197D-D8DF-4DA9-8A60-2714998C9BD7}.Release|Any CPU.ActiveCfg = Release|Any CPU
		{B439197D-D8DF-4DA9-8A60-2714998C9BD7}.Release|Any CPU.Build.0 = Release|Any CPU
		{F3C98ABE-67EE-4052-AA51-AFAA263E8CED}.Debug|Any CPU.ActiveCfg = Debug|Any CPU
		{F3C98ABE-67EE-4052-AA51-AFAA263E8CED}.Debug|Any CPU.Build.0 = Debug|Any CPU
		{F3C98ABE-67EE-4052-AA51-AFAA263E8CED}.Release|Any CPU.ActiveCfg = Release|Any CPU
		{F3C98ABE-67EE-4052-AA51-AFAA263E8CED}.Release|Any CPU.Build.0 = Release|Any CPU
	EndGlobalSection
	GlobalSection(SolutionProperties) = preSolution
		HideSolutionNode = FALSE
	EndGlobalSection
	GlobalSection(ExtensibilityGlobals) = postSolution
		SolutionGuid = {831E48FB-7052-4829-A3AD-34F4BB9C4BD7}
	EndGlobalSection
EndGlobal
